
Microsoft Visual Studio Solution File, Format Version 12.00
# Visual Studio 15
VisualStudioVersion = 15.0.26730.8
MinimumVisualStudioVersion = 10.0.40219.1
Project("{FAE04EC0-301F-11D3-BF4B-00C04F79EFBC}") = "EfCoreSandbox", "EfCoreSandbox\EfCoreSandbox.csproj", "{5350D8F3-21CB-45FC-A2A4-FB14E3B202E2}"
EndProject
Global
	GlobalSection(SolutionConfigurationPlatforms) = preSolution
		Debug|Any CPU = Debug|Any CPU
		Release|Any CPU = Release|Any CPU
	EndGlobalSection
	GlobalSection(ProjectConfigurationPlatforms) = postSolution
		{5350D8F3-21CB-45FC-A2A4-FB14E3B202E2}.Debug|Any CPU.ActiveCfg = Debug|Any CPU
		{5350D8F3-21CB-45FC-A2A4-FB14E3B202E2}.Debug|Any CPU.Build.0 = Debug|Any CPU
		{5350D8F3-21CB-45FC-A2A4-FB14E3B202E2}.Release|Any CPU.ActiveCfg = Release|Any CPU
		{5350D8F3-21CB-45FC-A2A4-FB14E3B202E2}.Release|Any CPU.Build.0 = Release|Any CPU
	EndGlobalSection
	GlobalSection(SolutionProperties) = preSolution
		HideSolutionNode = FALSE
	EndGlobalSection
	GlobalSection(ExtensibilityGlobals) = postSolution
		SolutionGuid = {76D30028-D9C4-4C17-84DA-F964314141EC}
	EndGlobalSection
EndGlobal
